// !$*UTF8*$!
{
	archiveVersion = 1;
	classes = {
	};
	objectVersion = 56;
	objects = {

/* Begin PBXBuildFile section */
		8852C01C2B3BF79D00219714 /* SabotageApp.swift in Sources */ = {isa = PBXBuildFile; fileRef = 8852C01B2B3BF79D00219714 /* SabotageApp.swift */; };
		8852C01E2B3BF79D00219714 /* ContentView.swift in Sources */ = {isa = PBXBuildFile; fileRef = 8852C01D2B3BF79D00219714 /* ContentView.swift */; };
		8852C0202B3BF79F00219714 /* Assets.xcassets in Resources */ = {isa = PBXBuildFile; fileRef = 8852C01F2B3BF79F00219714 /* Assets.xcassets */; };
		8852C0232B3BF79F00219714 /* Preview Assets.xcassets in Resources */ = {isa = PBXBuildFile; fileRef = 8852C0222B3BF79F00219714 /* Preview Assets.xcassets */; };
		8852C02D2B3BF79F00219714 /* SabotageTests.swift in Sources */ = {isa = PBXBuildFile; fileRef = 8852C02C2B3BF79F00219714 /* SabotageTests.swift */; };
		8852C0372B3BF7A000219714 /* SabotageUITests.swift in Sources */ = {isa = PBXBuildFile; fileRef = 8852C0362B3BF7A000219714 /* SabotageUITests.swift */; };
		8852C0392B3BF7A000219714 /* SabotageUITestsLaunchTests.swift in Sources */ = {isa = PBXBuildFile; fileRef = 8852C0382B3BF7A000219714 /* SabotageUITestsLaunchTests.swift */; };
		8852C04A2B3BF7F200219714 /* MainVC.swift in Sources */ = {isa = PBXBuildFile; fileRef = 8852C0492B3BF7F200219714 /* MainVC.swift */; };
		8852C04C2B3BFD1A00219714 /* ActionItemController.swift in Sources */ = {isa = PBXBuildFile; fileRef = 8852C04B2B3BFD1A00219714 /* ActionItemController.swift */; };
		8852C0502B3C04A000219714 /* AnalysisVC.swift in Sources */ = {isa = PBXBuildFile; fileRef = 8852C04F2B3C04A000219714 /* AnalysisVC.swift */; };
		8852C0542B3C04FA00219714 /* ProfileVC.swift in Sources */ = {isa = PBXBuildFile; fileRef = 8852C0532B3C04FA00219714 /* ProfileVC.swift */; };
/* End PBXBuildFile section */

/* Begin PBXContainerItemProxy section */
		8852C0292B3BF79F00219714 /* PBXContainerItemProxy */ = {
			isa = PBXContainerItemProxy;
			containerPortal = 8852C0102B3BF79D00219714 /* Project object */;
			proxyType = 1;
			remoteGlobalIDString = 8852C0172B3BF79D00219714;
			remoteInfo = Sabotage;
		};
		8852C0332B3BF7A000219714 /* PBXContainerItemProxy */ = {
			isa = PBXContainerItemProxy;
			containerPortal = 8852C0102B3BF79D00219714 /* Project object */;
			proxyType = 1;
			remoteGlobalIDString = 8852C0172B3BF79D00219714;
			remoteInfo = Sabotage;
		};
/* End PBXContainerItemProxy section */

/* Begin PBXFileReference section */
		8852C0182B3BF79D00219714 /* Sabotage.app */ = {isa = PBXFileReference; explicitFileType = wrapper.application; includeInIndex = 0; path = Sabotage.app; sourceTree = BUILT_PRODUCTS_DIR; };
		8852C01B2B3BF79D00219714 /* SabotageApp.swift */ = {isa = PBXFileReference; lastKnownFileType = sourcecode.swift; path = SabotageApp.swift; sourceTree = "<group>"; };
		8852C01D2B3BF79D00219714 /* ContentView.swift */ = {isa = PBXFileReference; lastKnownFileType = sourcecode.swift; path = ContentView.swift; sourceTree = "<group>"; };
		8852C01F2B3BF79F00219714 /* Assets.xcassets */ = {isa = PBXFileReference; lastKnownFileType = folder.assetcatalog; path = Assets.xcassets; sourceTree = "<group>"; };
		8852C0222B3BF79F00219714 /* Preview Assets.xcassets */ = {isa = PBXFileReference; lastKnownFileType = folder.assetcatalog; path = "Preview Assets.xcassets"; sourceTree = "<group>"; };
		8852C0282B3BF79F00219714 /* SabotageTests.xctest */ = {isa = PBXFileReference; explicitFileType = wrapper.cfbundle; includeInIndex = 0; path = SabotageTests.xctest; sourceTree = BUILT_PRODUCTS_DIR; };
		8852C02C2B3BF79F00219714 /* SabotageTests.swift */ = {isa = PBXFileReference; lastKnownFileType = sourcecode.swift; path = SabotageTests.swift; sourceTree = "<group>"; };
		8852C0322B3BF7A000219714 /* SabotageUITests.xctest */ = {isa = PBXFileReference; explicitFileType = wrapper.cfbundle; includeInIndex = 0; path = SabotageUITests.xctest; sourceTree = BUILT_PRODUCTS_DIR; };
		8852C0362B3BF7A000219714 /* SabotageUITests.swift */ = {isa = PBXFileReference; lastKnownFileType = sourcecode.swift; path = SabotageUITests.swift; sourceTree = "<group>"; };
		8852C0382B3BF7A000219714 /* SabotageUITestsLaunchTests.swift */ = {isa = PBXFileReference; lastKnownFileType = sourcecode.swift; path = SabotageUITestsLaunchTests.swift; sourceTree = "<group>"; };
		8852C0492B3BF7F200219714 /* MainVC.swift */ = {isa = PBXFileReference; lastKnownFileType = sourcecode.swift; path = MainVC.swift; sourceTree = "<group>"; };
		8852C04B2B3BFD1A00219714 /* ActionItemController.swift */ = {isa = PBXFileReference; lastKnownFileType = sourcecode.swift; path = ActionItemController.swift; sourceTree = "<group>"; };
		8852C04F2B3C04A000219714 /* AnalysisVC.swift */ = {isa = PBXFileReference; lastKnownFileType = sourcecode.swift; path = AnalysisVC.swift; sourceTree = "<group>"; };
		8852C0532B3C04FA00219714 /* ProfileVC.swift */ = {isa = PBXFileReference; lastKnownFileType = sourcecode.swift; path = ProfileVC.swift; sourceTree = "<group>"; };
/* End PBXFileReference section */

/* Begin PBXFrameworksBuildPhase section */
		8852C0152B3BF79D00219714 /* Frameworks */ = {
			isa = PBXFrameworksBuildPhase;
			buildActionMask = 2147483647;
			files = (
			);
			runOnlyForDeploymentPostprocessing = 0;
		};
		8852C0252B3BF79F00219714 /* Frameworks */ = {
			isa = PBXFrameworksBuildPhase;
			buildActionMask = 2147483647;
			files = (
			);
			runOnlyForDeploymentPostprocessing = 0;
		};
		8852C02F2B3BF7A000219714 /* Frameworks */ = {
			isa = PBXFrameworksBuildPhase;
			buildActionMask = 2147483647;
			files = (
			);
			runOnlyForDeploymentPostprocessing = 0;
		};
/* End PBXFrameworksBuildPhase section */

/* Begin PBXGroup section */
		8852C00F2B3BF79D00219714 = {
			isa = PBXGroup;
			children = (
				8852C01A2B3BF79D00219714 /* Sabotage */,
				8852C02B2B3BF79F00219714 /* SabotageTests */,
				8852C0352B3BF7A000219714 /* SabotageUITests */,
				8852C0192B3BF79D00219714 /* Products */,
			);
			sourceTree = "<group>";
		};
		8852C0192B3BF79D00219714 /* Products */ = {
			isa = PBXGroup;
			children = (
				8852C0182B3BF79D00219714 /* Sabotage.app */,
				8852C0282B3BF79F00219714 /* SabotageTests.xctest */,
				8852C0322B3BF7A000219714 /* SabotageUITests.xctest */,
			);
			name = Products;
			sourceTree = "<group>";
		};
		8852C01A2B3BF79D00219714 /* Sabotage */ = {
			isa = PBXGroup;
			children = (
				8852C0512B3C04D700219714 /* Profile */,
				8852C04D2B3C039800219714 /* Analysis */,
				8852C0452B3BF7A900219714 /* Main */,
				8852C01B2B3BF79D00219714 /* SabotageApp.swift */,
				8852C01D2B3BF79D00219714 /* ContentView.swift */,
				8852C01F2B3BF79F00219714 /* Assets.xcassets */,
				8852C0212B3BF79F00219714 /* Preview Content */,
			);
			path = Sabotage;
			sourceTree = "<group>";
		};
		8852C0212B3BF79F00219714 /* Preview Content */ = {
			isa = PBXGroup;
			children = (
				8852C0222B3BF79F00219714 /* Preview Assets.xcassets */,
			);
			path = "Preview Content";
			sourceTree = "<group>";
		};
		8852C02B2B3BF79F00219714 /* SabotageTests */ = {
			isa = PBXGroup;
			children = (
				8852C02C2B3BF79F00219714 /* SabotageTests.swift */,
			);
			path = SabotageTests;
			sourceTree = "<group>";
		};
		8852C0352B3BF7A000219714 /* SabotageUITests */ = {
			isa = PBXGroup;
			children = (
				8852C0362B3BF7A000219714 /* SabotageUITests.swift */,
				8852C0382B3BF7A000219714 /* SabotageUITestsLaunchTests.swift */,
			);
			path = SabotageUITests;
			sourceTree = "<group>";
		};
		8852C0452B3BF7A900219714 /* Main */ = {
			isa = PBXGroup;
			children = (
				8852C0482B3BF7DA00219714 /* MainView */,
				8852C0472B3BF7CC00219714 /* Limit */,
				8852C0462B3BF7BA00219714 /* Action */,
			);
			path = Main;
			sourceTree = "<group>";
		};
		8852C0462B3BF7BA00219714 /* Action */ = {
			isa = PBXGroup;
			children = (
			);
			path = Action;
			sourceTree = "<group>";
		};
		8852C0472B3BF7CC00219714 /* Limit */ = {
			isa = PBXGroup;
			children = (
				8852C04B2B3BFD1A00219714 /* ActionItemController.swift */,
			);
			path = Limit;
			sourceTree = "<group>";
		};
		8852C0482B3BF7DA00219714 /* MainView */ = {
			isa = PBXGroup;
			children = (
				8852C0492B3BF7F200219714 /* MainVC.swift */,
			);
			path = MainView;
			sourceTree = "<group>";
		};
		8852C04D2B3C039800219714 /* Analysis */ = {
			isa = PBXGroup;
			children = (
				8852C04E2B3C048400219714 /* AnalysisView */,
			);
			path = Analysis;
			sourceTree = "<group>";
		};
		8852C04E2B3C048400219714 /* AnalysisView */ = {
			isa = PBXGroup;
			children = (
				8852C04F2B3C04A000219714 /* AnalysisVC.swift */,
			);
			path = AnalysisView;
			sourceTree = "<group>";
		};
		8852C0512B3C04D700219714 /* Profile */ = {
			isa = PBXGroup;
			children = (
				8852C0522B3C04DF00219714 /* ProfileView */,
			);
			path = Profile;
			sourceTree = "<group>";
		};
		8852C0522B3C04DF00219714 /* ProfileView */ = {
			isa = PBXGroup;
			children = (
				8852C0532B3C04FA00219714 /* ProfileVC.swift */,
			);
			path = ProfileView;
			sourceTree = "<group>";
		};
/* End PBXGroup section */

/* Begin PBXNativeTarget section */
		8852C0172B3BF79D00219714 /* Sabotage */ = {
			isa = PBXNativeTarget;
			buildConfigurationList = 8852C03C2B3BF7A000219714 /* Build configuration list for PBXNativeTarget "Sabotage" */;
			buildPhases = (
				8852C0142B3BF79D00219714 /* Sources */,
				8852C0152B3BF79D00219714 /* Frameworks */,
				8852C0162B3BF79D00219714 /* Resources */,
			);
			buildRules = (
			);
			dependencies = (
			);
			name = Sabotage;
			productName = Sabotage;
			productReference = 8852C0182B3BF79D00219714 /* Sabotage.app */;
			productType = "com.apple.product-type.application";
		};
		8852C0272B3BF79F00219714 /* SabotageTests */ = {
			isa = PBXNativeTarget;
			buildConfigurationList = 8852C03F2B3BF7A000219714 /* Build configuration list for PBXNativeTarget "SabotageTests" */;
			buildPhases = (
				8852C0242B3BF79F00219714 /* Sources */,
				8852C0252B3BF79F00219714 /* Frameworks */,
				8852C0262B3BF79F00219714 /* Resources */,
			);
			buildRules = (
			);
			dependencies = (
				8852C02A2B3BF79F00219714 /* PBXTargetDependency */,
			);
			name = SabotageTests;
			productName = SabotageTests;
			productReference = 8852C0282B3BF79F00219714 /* SabotageTests.xctest */;
			productType = "com.apple.product-type.bundle.unit-test";
		};
		8852C0312B3BF7A000219714 /* SabotageUITests */ = {
			isa = PBXNativeTarget;
			buildConfigurationList = 8852C0422B3BF7A000219714 /* Build configuration list for PBXNativeTarget "SabotageUITests" */;
			buildPhases = (
				8852C02E2B3BF7A000219714 /* Sources */,
				8852C02F2B3BF7A000219714 /* Frameworks */,
				8852C0302B3BF7A000219714 /* Resources */,
			);
			buildRules = (
			);
			dependencies = (
				8852C0342B3BF7A000219714 /* PBXTargetDependency */,
			);
			name = SabotageUITests;
			productName = SabotageUITests;
			productReference = 8852C0322B3BF7A000219714 /* SabotageUITests.xctest */;
			productType = "com.apple.product-type.bundle.ui-testing";
		};
/* End PBXNativeTarget section */

/* Begin PBXProject section */
		8852C0102B3BF79D00219714 /* Project object */ = {
			isa = PBXProject;
			attributes = {
				BuildIndependentTargetsInParallel = 1;
				LastSwiftUpdateCheck = 1510;
				LastUpgradeCheck = 1510;
				TargetAttributes = {
					8852C0172B3BF79D00219714 = {
						CreatedOnToolsVersion = 15.1;
					};
					8852C0272B3BF79F00219714 = {
						CreatedOnToolsVersion = 15.1;
						TestTargetID = 8852C0172B3BF79D00219714;
					};
					8852C0312B3BF7A000219714 = {
						CreatedOnToolsVersion = 15.1;
						TestTargetID = 8852C0172B3BF79D00219714;
					};
				};
			};
			buildConfigurationList = 8852C0132B3BF79D00219714 /* Build configuration list for PBXProject "Sabotage" */;
			compatibilityVersion = "Xcode 14.0";
			developmentRegion = en;
			hasScannedForEncodings = 0;
			knownRegions = (
				en,
				Base,
			);
			mainGroup = 8852C00F2B3BF79D00219714;
			productRefGroup = 8852C0192B3BF79D00219714 /* Products */;
			projectDirPath = "";
			projectRoot = "";
			targets = (
				8852C0172B3BF79D00219714 /* Sabotage */,
				8852C0272B3BF79F00219714 /* SabotageTests */,
				8852C0312B3BF7A000219714 /* SabotageUITests */,
			);
		};
/* End PBXProject section */

/* Begin PBXResourcesBuildPhase section */
		8852C0162B3BF79D00219714 /* Resources */ = {
			isa = PBXResourcesBuildPhase;
			buildActionMask = 2147483647;
			files = (
				8852C0232B3BF79F00219714 /* Preview Assets.xcassets in Resources */,
				8852C0202B3BF79F00219714 /* Assets.xcassets in Resources */,
			);
			runOnlyForDeploymentPostprocessing = 0;
		};
		8852C0262B3BF79F00219714 /* Resources */ = {
			isa = PBXResourcesBuildPhase;
			buildActionMask = 2147483647;
			files = (
			);
			runOnlyForDeploymentPostprocessing = 0;
		};
		8852C0302B3BF7A000219714 /* Resources */ = {
			isa = PBXResourcesBuildPhase;
			buildActionMask = 2147483647;
			files = (
			);
			runOnlyForDeploymentPostprocessing = 0;
		};
/* End PBXResourcesBuildPhase section */

/* Begin PBXSourcesBuildPhase section */
		8852C0142B3BF79D00219714 /* Sources */ = {
			isa = PBXSourcesBuildPhase;
			buildActionMask = 2147483647;
			files = (
				8852C0542B3C04FA00219714 /* ProfileVC.swift in Sources */,
				8852C04A2B3BF7F200219714 /* MainVC.swift in Sources */,
				8852C01E2B3BF79D00219714 /* ContentView.swift in Sources */,
				8852C04C2B3BFD1A00219714 /* ActionItemController.swift in Sources */,
				8852C0502B3C04A000219714 /* AnalysisVC.swift in Sources */,
				8852C01C2B3BF79D00219714 /* SabotageApp.swift in Sources */,
			);
			runOnlyForDeploymentPostprocessing = 0;
		};
		8852C0242B3BF79F00219714 /* Sources */ = {
			isa = PBXSourcesBuildPhase;
			buildActionMask = 2147483647;
			files = (
				8852C02D2B3BF79F00219714 /* SabotageTests.swift in Sources */,
			);
			runOnlyForDeploymentPostprocessing = 0;
		};
		8852C02E2B3BF7A000219714 /* Sources */ = {
			isa = PBXSourcesBuildPhase;
			buildActionMask = 2147483647;
			files = (
				8852C0392B3BF7A000219714 /* SabotageUITestsLaunchTests.swift in Sources */,
				8852C0372B3BF7A000219714 /* SabotageUITests.swift in Sources */,
			);
			runOnlyForDeploymentPostprocessing = 0;
		};
/* End PBXSourcesBuildPhase section */

/* Begin PBXTargetDependency section */
		8852C02A2B3BF79F00219714 /* PBXTargetDependency */ = {
			isa = PBXTargetDependency;
			target = 8852C0172B3BF79D00219714 /* Sabotage */;
			targetProxy = 8852C0292B3BF79F00219714 /* PBXContainerItemProxy */;
		};
		8852C0342B3BF7A000219714 /* PBXTargetDependency */ = {
			isa = PBXTargetDependency;
			target = 8852C0172B3BF79D00219714 /* Sabotage */;
			targetProxy = 8852C0332B3BF7A000219714 /* PBXContainerItemProxy */;
		};
/* End PBXTargetDependency section */

/* Begin XCBuildConfiguration section */
		8852C03A2B3BF7A000219714 /* Debug */ = {
			isa = XCBuildConfiguration;
			buildSettings = {
				ALWAYS_SEARCH_USER_PATHS = NO;
				ASSETCATALOG_COMPILER_GENERATE_SWIFT_ASSET_SYMBOL_EXTENSIONS = YES;
				CLANG_ANALYZER_NONNULL = YES;
				CLANG_ANALYZER_NUMBER_OBJECT_CONVERSION = YES_AGGRESSIVE;
				CLANG_CXX_LANGUAGE_STANDARD = "gnu++20";
				CLANG_ENABLE_MODULES = YES;
				CLANG_ENABLE_OBJC_ARC = YES;
				CLANG_ENABLE_OBJC_WEAK = YES;
				CLANG_WARN_BLOCK_CAPTURE_AUTORELEASING = YES;
				CLANG_WARN_BOOL_CONVERSION = YES;
				CLANG_WARN_COMMA = YES;
				CLANG_WARN_CONSTANT_CONVERSION = YES;
				CLANG_WARN_DEPRECATED_OBJC_IMPLEMENTATIONS = YES;
				CLANG_WARN_DIRECT_OBJC_ISA_USAGE = YES_ERROR;
				CLANG_WARN_DOCUMENTATION_COMMENTS = YES;
				CLANG_WARN_EMPTY_BODY = YES;
				CLANG_WARN_ENUM_CONVERSION = YES;
				CLANG_WARN_INFINITE_RECURSION = YES;
				CLANG_WARN_INT_CONVERSION = YES;
				CLANG_WARN_NON_LITERAL_NULL_CONVERSION = YES;
				CLANG_WARN_OBJC_IMPLICIT_RETAIN_SELF = YES;
				CLANG_WARN_OBJC_LITERAL_CONVERSION = YES;
				CLANG_WARN_OBJC_ROOT_CLASS = YES_ERROR;
				CLANG_WARN_QUOTED_INCLUDE_IN_FRAMEWORK_HEADER = YES;
				CLANG_WARN_RANGE_LOOP_ANALYSIS = YES;
				CLANG_WARN_STRICT_PROTOTYPES = YES;
				CLANG_WARN_SUSPICIOUS_MOVE = YES;
				CLANG_WARN_UNGUARDED_AVAILABILITY = YES_AGGRESSIVE;
				CLANG_WARN_UNREACHABLE_CODE = YES;
				CLANG_WARN__DUPLICATE_METHOD_MATCH = YES;
				COPY_PHASE_STRIP = NO;
				DEBUG_INFORMATION_FORMAT = dwarf;
				ENABLE_STRICT_OBJC_MSGSEND = YES;
				ENABLE_TESTABILITY = YES;
				ENABLE_USER_SCRIPT_SANDBOXING = YES;
				GCC_C_LANGUAGE_STANDARD = gnu17;
				GCC_DYNAMIC_NO_PIC = NO;
				GCC_NO_COMMON_BLOCKS = YES;
				GCC_OPTIMIZATION_LEVEL = 0;
				GCC_PREPROCESSOR_DEFINITIONS = (
					"DEBUG=1",
					"$(inherited)",
				);
				GCC_WARN_64_TO_32_BIT_CONVERSION = YES;
				GCC_WARN_ABOUT_RETURN_TYPE = YES_ERROR;
				GCC_WARN_UNDECLARED_SELECTOR = YES;
				GCC_WARN_UNINITIALIZED_AUTOS = YES_AGGRESSIVE;
				GCC_WARN_UNUSED_FUNCTION = YES;
				GCC_WARN_UNUSED_VARIABLE = YES;
				IPHONEOS_DEPLOYMENT_TARGET = 17.2;
				LOCALIZATION_PREFERS_STRING_CATALOGS = YES;
				MTL_ENABLE_DEBUG_INFO = INCLUDE_SOURCE;
				MTL_FAST_MATH = YES;
				ONLY_ACTIVE_ARCH = YES;
				SDKROOT = iphoneos;
				SWIFT_ACTIVE_COMPILATION_CONDITIONS = "DEBUG $(inherited)";
				SWIFT_OPTIMIZATION_LEVEL = "-Onone";
			};
			name = Debug;
		};
		8852C03B2B3BF7A000219714 /* Release */ = {
			isa = XCBuildConfiguration;
			buildSettings = {
				ALWAYS_SEARCH_USER_PATHS = NO;
				ASSETCATALOG_COMPILER_GENERATE_SWIFT_ASSET_SYMBOL_EXTENSIONS = YES;
				CLANG_ANALYZER_NONNULL = YES;
				CLANG_ANALYZER_NUMBER_OBJECT_CONVERSION = YES_AGGRESSIVE;
				CLANG_CXX_LANGUAGE_STANDARD = "gnu++20";
				CLANG_ENABLE_MODULES = YES;
				CLANG_ENABLE_OBJC_ARC = YES;
				CLANG_ENABLE_OBJC_WEAK = YES;
				CLANG_WARN_BLOCK_CAPTURE_AUTORELEASING = YES;
				CLANG_WARN_BOOL_CONVERSION = YES;
				CLANG_WARN_COMMA = YES;
				CLANG_WARN_CONSTANT_CONVERSION = YES;
				CLANG_WARN_DEPRECATED_OBJC_IMPLEMENTATIONS = YES;
				CLANG_WARN_DIRECT_OBJC_ISA_USAGE = YES_ERROR;
				CLANG_WARN_DOCUMENTATION_COMMENTS = YES;
				CLANG_WARN_EMPTY_BODY = YES;
				CLANG_WARN_ENUM_CONVERSION = YES;
				CLANG_WARN_INFINITE_RECURSION = YES;
				CLANG_WARN_INT_CONVERSION = YES;
				CLANG_WARN_NON_LITERAL_NULL_CONVERSION = YES;
				CLANG_WARN_OBJC_IMPLICIT_RETAIN_SELF = YES;
				CLANG_WARN_OBJC_LITERAL_CONVERSION = YES;
				CLANG_WARN_OBJC_ROOT_CLASS = YES_ERROR;
				CLANG_WARN_QUOTED_INCLUDE_IN_FRAMEWORK_HEADER = YES;
				CLANG_WARN_RANGE_LOOP_ANALYSIS = YES;
				CLANG_WARN_STRICT_PROTOTYPES = YES;
				CLANG_WARN_SUSPICIOUS_MOVE = YES;
				CLANG_WARN_UNGUARDED_AVAILABILITY = YES_AGGRESSIVE;
				CLANG_WARN_UNREACHABLE_CODE = YES;
				CLANG_WARN__DUPLICATE_METHOD_MATCH = YES;
				COPY_PHASE_STRIP = NO;
				DEBUG_INFORMATION_FORMAT = "dwarf-with-dsym";
				ENABLE_NS_ASSERTIONS = NO;
				ENABLE_STRICT_OBJC_MSGSEND = YES;
				ENABLE_USER_SCRIPT_SANDBOXING = YES;
				GCC_C_LANGUAGE_STANDARD = gnu17;
				GCC_NO_COMMON_BLOCKS = YES;
				GCC_WARN_64_TO_32_BIT_CONVERSION = YES;
				GCC_WARN_ABOUT_RETURN_TYPE = YES_ERROR;
				GCC_WARN_UNDECLARED_SELECTOR = YES;
				GCC_WARN_UNINITIALIZED_AUTOS = YES_AGGRESSIVE;
				GCC_WARN_UNUSED_FUNCTION = YES;
				GCC_WARN_UNUSED_VARIABLE = YES;
				IPHONEOS_DEPLOYMENT_TARGET = 17.2;
				LOCALIZATION_PREFERS_STRING_CATALOGS = YES;
				MTL_ENABLE_DEBUG_INFO = NO;
				MTL_FAST_MATH = YES;
				SDKROOT = iphoneos;
				SWIFT_COMPILATION_MODE = wholemodule;
				VALIDATE_PRODUCT = YES;
			};
			name = Release;
		};
		8852C03D2B3BF7A000219714 /* Debug */ = {
			isa = XCBuildConfiguration;
			buildSettings = {
				ASSETCATALOG_COMPILER_APPICON_NAME = AppIcon;
				ASSETCATALOG_COMPILER_GLOBAL_ACCENT_COLOR_NAME = AccentColor;
				CODE_SIGN_STYLE = Automatic;
				CURRENT_PROJECT_VERSION = 1;
				DEVELOPMENT_ASSET_PATHS = "\"Sabotage/Preview Content\"";
				DEVELOPMENT_TEAM = 3XQ8HFGAQN;
				ENABLE_PREVIEWS = YES;
				GENERATE_INFOPLIST_FILE = YES;
				INFOPLIST_KEY_UIApplicationSceneManifest_Generation = YES;
				INFOPLIST_KEY_UIApplicationSupportsIndirectInputEvents = YES;
				INFOPLIST_KEY_UILaunchScreen_Generation = YES;
				INFOPLIST_KEY_UISupportedInterfaceOrientations_iPad = "UIInterfaceOrientationPortrait UIInterfaceOrientationPortraitUpsideDown UIInterfaceOrientationLandscapeLeft UIInterfaceOrientationLandscapeRight";
				INFOPLIST_KEY_UISupportedInterfaceOrientations_iPhone = "UIInterfaceOrientationPortrait UIInterfaceOrientationLandscapeLeft UIInterfaceOrientationLandscapeRight";
				IPHONEOS_DEPLOYMENT_TARGET = 17.1;
				LD_RUNPATH_SEARCH_PATHS = (
					"$(inherited)",
					"@executable_path/Frameworks",
				);
				MARKETING_VERSION = 1.0;
				PRODUCT_BUNDLE_IDENTIFIER = identifier.Sabotage;
				PRODUCT_NAME = "$(TARGET_NAME)";
				SWIFT_EMIT_LOC_STRINGS = YES;
				SWIFT_VERSION = 5.0;
				TARGETED_DEVICE_FAMILY = "1,2";
			};
			name = Debug;
		};
		8852C03E2B3BF7A000219714 /* Release */ = {
			isa = XCBuildConfiguration;
			buildSettings = {
				ASSETCATALOG_COMPILER_APPICON_NAME = AppIcon;
				ASSETCATALOG_COMPILER_GLOBAL_ACCENT_COLOR_NAME = AccentColor;
				CODE_SIGN_STYLE = Automatic;
				CURRENT_PROJECT_VERSION = 1;
				DEVELOPMENT_ASSET_PATHS = "\"Sabotage/Preview Content\"";
				DEVELOPMENT_TEAM = 3XQ8HFGAQN;
				ENABLE_PREVIEWS = YES;
				GENERATE_INFOPLIST_FILE = YES;
				INFOPLIST_KEY_UIApplicationSceneManifest_Generation = YES;
				INFOPLIST_KEY_UIApplicationSupportsIndirectInputEvents = YES;
				INFOPLIST_KEY_UILaunchScreen_Generation = YES;
				INFOPLIST_KEY_UISupportedInterfaceOrientations_iPad = "UIInterfaceOrientationPortrait UIInterfaceOrientationPortraitUpsideDown UIInterfaceOrientationLandscapeLeft UIInterfaceOrientationLandscapeRight";
				INFOPLIST_KEY_UISupportedInterfaceOrientations_iPhone = "UIInterfaceOrientationPortrait UIInterfaceOrientationLandscapeLeft UIInterfaceOrientationLandscapeRight";
				IPHONEOS_DEPLOYMENT_TARGET = 17.1;
				LD_RUNPATH_SEARCH_PATHS = (
					"$(inherited)",
					"@executable_path/Frameworks",
				);
				MARKETING_VERSION = 1.0;
				PRODUCT_BUNDLE_IDENTIFIER = identifier.Sabotage;
				PRODUCT_NAME = "$(TARGET_NAME)";
				SWIFT_EMIT_LOC_STRINGS = YES;
				SWIFT_VERSION = 5.0;
				TARGETED_DEVICE_FAMILY = "1,2";
			};
			name = Release;
		};
		8852C0402B3BF7A000219714 /* Debug */ = {
			isa = XCBuildConfiguration;
			buildSettings = {
				ALWAYS_EMBED_SWIFT_STANDARD_LIBRARIES = YES;
				BUNDLE_LOADER = "$(TEST_HOST)";
				CODE_SIGN_STYLE = Automatic;
				CURRENT_PROJECT_VERSION = 1;
				GENERATE_INFOPLIST_FILE = YES;
				IPHONEOS_DEPLOYMENT_TARGET = 17.2;
				MARKETING_VERSION = 1.0;
				PRODUCT_BUNDLE_IDENTIFIER = identifier.SabotageTests;
				PRODUCT_NAME = "$(TARGET_NAME)";
				SWIFT_EMIT_LOC_STRINGS = NO;
				SWIFT_VERSION = 5.0;
				TARGETED_DEVICE_FAMILY = "1,2";
				TEST_HOST = "$(BUILT_PRODUCTS_DIR)/Sabotage.app/$(BUNDLE_EXECUTABLE_FOLDER_PATH)/Sabotage";
			};
			name = Debug;
		};
		8852C0412B3BF7A000219714 /* Release */ = {
			isa = XCBuildConfiguration;
			buildSettings = {
				ALWAYS_EMBED_SWIFT_STANDARD_LIBRARIES = YES;
				BUNDLE_LOADER = "$(TEST_HOST)";
				CODE_SIGN_STYLE = Automatic;
				CURRENT_PROJECT_VERSION = 1;
				GENERATE_INFOPLIST_FILE = YES;
				IPHONEOS_DEPLOYMENT_TARGET = 17.2;
				MARKETING_VERSION = 1.0;
				PRODUCT_BUNDLE_IDENTIFIER = identifier.SabotageTests;
				PRODUCT_NAME = "$(TARGET_NAME)";
				SWIFT_EMIT_LOC_STRINGS = NO;
				SWIFT_VERSION = 5.0;
				TARGETED_DEVICE_FAMILY = "1,2";
				TEST_HOST = "$(BUILT_PRODUCTS_DIR)/Sabotage.app/$(BUNDLE_EXECUTABLE_FOLDER_PATH)/Sabotage";
			};
			name = Release;
		};
		8852C0432B3BF7A000219714 /* Debug */ = {
			isa = XCBuildConfiguration;
			buildSettings = {
				ALWAYS_EMBED_SWIFT_STANDARD_LIBRARIES = YES;
				CODE_SIGN_STYLE = Automatic;
				CURRENT_PROJECT_VERSION = 1;
				GENERATE_INFOPLIST_FILE = YES;
				MARKETING_VERSION = 1.0;
				PRODUCT_BUNDLE_IDENTIFIER = identifier.SabotageUITests;
				PRODUCT_NAME = "$(TARGET_NAME)";
				SWIFT_EMIT_LOC_STRINGS = NO;
				SWIFT_VERSION = 5.0;
				TARGETED_DEVICE_FAMILY = "1,2";
				TEST_TARGET_NAME = Sabotage;
			};
			name = Debug;
		};
		8852C0442B3BF7A000219714 /* Release */ = {
			isa = XCBuildConfiguration;
			buildSettings = {
				ALWAYS_EMBED_SWIFT_STANDARD_LIBRARIES = YES;
				CODE_SIGN_STYLE = Automatic;
				CURRENT_PROJECT_VERSION = 1;
				GENERATE_INFOPLIST_FILE = YES;
				MARKETING_VERSION = 1.0;
				PRODUCT_BUNDLE_IDENTIFIER = identifier.SabotageUITests;
				PRODUCT_NAME = "$(TARGET_NAME)";
				SWIFT_EMIT_LOC_STRINGS = NO;
				SWIFT_VERSION = 5.0;
				TARGETED_DEVICE_FAMILY = "1,2";
				TEST_TARGET_NAME = Sabotage;
			};
			name = Release;
		};
/* End XCBuildConfiguration section */

/* Begin XCConfigurationList section */
		8852C0132B3BF79D00219714 /* Build configuration list for PBXProject "Sabotage" */ = {
			isa = XCConfigurationList;
			buildConfigurations = (
				8852C03A2B3BF7A000219714 /* Debug */,
				8852C03B2B3BF7A000219714 /* Release */,
			);
			defaultConfigurationIsVisible = 0;
			defaultConfigurationName = Release;
		};
		8852C03C2B3BF7A000219714 /* Build configuration list for PBXNativeTarget "Sabotage" */ = {
			isa = XCConfigurationList;
			buildConfigurations = (
				8852C03D2B3BF7A000219714 /* Debug */,
				8852C03E2B3BF7A000219714 /* Release */,
			);
			defaultConfigurationIsVisible = 0;
			defaultConfigurationName = Release;
		};
		8852C03F2B3BF7A000219714 /* Build configuration list for PBXNativeTarget "SabotageTests" */ = {
			isa = XCConfigurationList;
			buildConfigurations = (
				8852C0402B3BF7A000219714 /* Debug */,
				8852C0412B3BF7A000219714 /* Release */,
			);
			defaultConfigurationIsVisible = 0;
			defaultConfigurationName = Release;
		};
		8852C0422B3BF7A000219714 /* Build configuration list for PBXNativeTarget "SabotageUITests" */ = {
			isa = XCConfigurationList;
			buildConfigurations = (
				8852C0432B3BF7A000219714 /* Debug */,
				8852C0442B3BF7A000219714 /* Release */,
			);
			defaultConfigurationIsVisible = 0;
			defaultConfigurationName = Release;
		};
/* End XCConfigurationList section */
	};
	rootObject = 8852C0102B3BF79D00219714 /* Project object */;
}
